// !$*UTF8*$!
{
	archiveVersion = 1;
	classes = {
	};
	objectVersion = 55;
	objects = {

/* Begin PBXBuildFile section */
		9C609D7D2869B7710026E548 /* AppDelegate.swift in Sources */ = {isa = PBXBuildFile; fileRef = 9C609D7C2869B7710026E548 /* AppDelegate.swift */; };
		9C609D7F2869B7710026E548 /* SceneDelegate.swift in Sources */ = {isa = PBXBuildFile; fileRef = 9C609D7E2869B7710026E548 /* SceneDelegate.swift */; };
		9C609D812869B7710026E548 /* ViewController.swift in Sources */ = {isa = PBXBuildFile; fileRef = 9C609D802869B7710026E548 /* ViewController.swift */; };
		9C609D842869B7710026E548 /* Main.storyboard in Resources */ = {isa = PBXBuildFile; fileRef = 9C609D822869B7710026E548 /* Main.storyboard */; };
		9C609D862869B7710026E548 /* Assets.xcassets in Resources */ = {isa = PBXBuildFile; fileRef = 9C609D852869B7710026E548 /* Assets.xcassets */; };
		9C609D892869B7710026E548 /* LaunchScreen.storyboard in Resources */ = {isa = PBXBuildFile; fileRef = 9C609D872869B7710026E548 /* LaunchScreen.storyboard */; };
		9C609D942869B7710026E548 /* PassDataTests.swift in Sources */ = {isa = PBXBuildFile; fileRef = 9C609D932869B7710026E548 /* PassDataTests.swift */; };
		9C609D9E2869B7710026E548 /* PassDataUITests.swift in Sources */ = {isa = PBXBuildFile; fileRef = 9C609D9D2869B7710026E548 /* PassDataUITests.swift */; };
		9C609DA02869B7710026E548 /* PassDataUITestsLaunchTests.swift in Sources */ = {isa = PBXBuildFile; fileRef = 9C609D9F2869B7710026E548 /* PassDataUITestsLaunchTests.swift */; };
		9C609DB02869B89C0026E548 /* DetailViewController.swift in Sources */ = {isa = PBXBuildFile; fileRef = 9C609DAE2869B89C0026E548 /* DetailViewController.swift */; };
		9C609DB12869B89C0026E548 /* DetailViewController.xib in Resources */ = {isa = PBXBuildFile; fileRef = 9C609DAF2869B89C0026E548 /* DetailViewController.xib */; };
		9C609DB32869C9320026E548 /* SegueDetailViewController.swift in Sources */ = {isa = PBXBuildFile; fileRef = 9C609DB22869C9320026E548 /* SegueDetailViewController.swift */; };
		9C609DB62869CF1D0026E548 /* InstanceDetailViewController.swift in Sources */ = {isa = PBXBuildFile; fileRef = 9C609DB42869CF1D0026E548 /* InstanceDetailViewController.swift */; };
		9C609DB72869CF1D0026E548 /* InstanceDetailViewController.xib in Resources */ = {isa = PBXBuildFile; fileRef = 9C609DB52869CF1D0026E548 /* InstanceDetailViewController.xib */; };
/* End PBXBuildFile section */

/* Begin PBXContainerItemProxy section */
		9C609D902869B7710026E548 /* PBXContainerItemProxy */ = {
			isa = PBXContainerItemProxy;
			containerPortal = 9C609D712869B7710026E548 /* Project object */;
			proxyType = 1;
			remoteGlobalIDString = 9C609D782869B7710026E548;
			remoteInfo = PassData;
		};
		9C609D9A2869B7710026E548 /* PBXContainerItemProxy */ = {
			isa = PBXContainerItemProxy;
			containerPortal = 9C609D712869B7710026E548 /* Project object */;
			proxyType = 1;
			remoteGlobalIDString = 9C609D782869B7710026E548;
			remoteInfo = PassData;
		};
/* End PBXContainerItemProxy section */

/* Begin PBXFileReference section */
		9C609D792869B7710026E548 /* PassData.app */ = {isa = PBXFileReference; explicitFileType = wrapper.application; includeInIndex = 0; path = PassData.app; sourceTree = BUILT_PRODUCTS_DIR; };
		9C609D7C2869B7710026E548 /* AppDelegate.swift */ = {isa = PBXFileReference; lastKnownFileType = sourcecode.swift; path = AppDelegate.swift; sourceTree = "<group>"; };
		9C609D7E2869B7710026E548 /* SceneDelegate.swift */ = {isa = PBXFileReference; lastKnownFileType = sourcecode.swift; path = SceneDelegate.swift; sourceTree = "<group>"; };
		9C609D802869B7710026E548 /* ViewController.swift */ = {isa = PBXFileReference; lastKnownFileType = sourcecode.swift; path = ViewController.swift; sourceTree = "<group>"; };
		9C609D832869B7710026E548 /* Base */ = {isa = PBXFileReference; lastKnownFileType = file.storyboard; name = Base; path = Base.lproj/Main.storyboard; sourceTree = "<group>"; };
		9C609D852869B7710026E548 /* Assets.xcassets */ = {isa = PBXFileReference; lastKnownFileType = folder.assetcatalog; path = Assets.xcassets; sourceTree = "<group>"; };
		9C609D882869B7710026E548 /* Base */ = {isa = PBXFileReference; lastKnownFileType = file.storyboard; name = Base; path = Base.lproj/LaunchScreen.storyboard; sourceTree = "<group>"; };
		9C609D8A2869B7710026E548 /* Info.plist */ = {isa = PBXFileReference; lastKnownFileType = text.plist.xml; path = Info.plist; sourceTree = "<group>"; };
		9C609D8F2869B7710026E548 /* PassDataTests.xctest */ = {isa = PBXFileReference; explicitFileType = wrapper.cfbundle; includeInIndex = 0; path = PassDataTests.xctest; sourceTree = BUILT_PRODUCTS_DIR; };
		9C609D932869B7710026E548 /* PassDataTests.swift */ = {isa = PBXFileReference; lastKnownFileType = sourcecode.swift; path = PassDataTests.swift; sourceTree = "<group>"; };
		9C609D992869B7710026E548 /* PassDataUITests.xctest */ = {isa = PBXFileReference; explicitFileType = wrapper.cfbundle; includeInIndex = 0; path = PassDataUITests.xctest; sourceTree = BUILT_PRODUCTS_DIR; };
		9C609D9D2869B7710026E548 /* PassDataUITests.swift */ = {isa = PBXFileReference; lastKnownFileType = sourcecode.swift; path = PassDataUITests.swift; sourceTree = "<group>"; };
		9C609D9F2869B7710026E548 /* PassDataUITestsLaunchTests.swift */ = {isa = PBXFileReference; lastKnownFileType = sourcecode.swift; path = PassDataUITestsLaunchTests.swift; sourceTree = "<group>"; };
		9C609DAE2869B89C0026E548 /* DetailViewController.swift */ = {isa = PBXFileReference; lastKnownFileType = sourcecode.swift; path = DetailViewController.swift; sourceTree = "<group>"; };
		9C609DAF2869B89C0026E548 /* DetailViewController.xib */ = {isa = PBXFileReference; lastKnownFileType = file.xib; path = DetailViewController.xib; sourceTree = "<group>"; };
		9C609DB22869C9320026E548 /* SegueDetailViewController.swift */ = {isa = PBXFileReference; lastKnownFileType = sourcecode.swift; path = SegueDetailViewController.swift; sourceTree = "<group>"; };
		9C609DB42869CF1D0026E548 /* InstanceDetailViewController.swift */ = {isa = PBXFileReference; lastKnownFileType = sourcecode.swift; path = InstanceDetailViewController.swift; sourceTree = "<group>"; };
		9C609DB52869CF1D0026E548 /* InstanceDetailViewController.xib */ = {isa = PBXFileReference; lastKnownFileType = file.xib; path = InstanceDetailViewController.xib; sourceTree = "<group>"; };
/* End PBXFileReference section */

/* Begin PBXFrameworksBuildPhase section */
		9C609D762869B7710026E548 /* Frameworks */ = {
			isa = PBXFrameworksBuildPhase;
			buildActionMask = 2147483647;
			files = (
			);
			runOnlyForDeploymentPostprocessing = 0;
		};
		9C609D8C2869B7710026E548 /* Frameworks */ = {
			isa = PBXFrameworksBuildPhase;
			buildActionMask = 2147483647;
			files = (
			);
			runOnlyForDeploymentPostprocessing = 0;
		};
		9C609D962869B7710026E548 /* Frameworks */ = {
			isa = PBXFrameworksBuildPhase;
			buildActionMask = 2147483647;
			files = (
			);
			runOnlyForDeploymentPostprocessing = 0;
		};
/* End PBXFrameworksBuildPhase section */

/* Begin PBXGroup section */
		9C609D702869B7710026E548 = {
			isa = PBXGroup;
			children = (
				9C609D7B2869B7710026E548 /* PassData */,
				9C609D922869B7710026E548 /* PassDataTests */,
				9C609D9C2869B7710026E548 /* PassDataUITests */,
				9C609D7A2869B7710026E548 /* Products */,
			);
			sourceTree = "<group>";
		};
		9C609D7A2869B7710026E548 /* Products */ = {
			isa = PBXGroup;
			children = (
				9C609D792869B7710026E548 /* PassData.app */,
				9C609D8F2869B7710026E548 /* PassDataTests.xctest */,
				9C609D992869B7710026E548 /* PassDataUITests.xctest */,
			);
			name = Products;
			sourceTree = "<group>";
		};
		9C609D7B2869B7710026E548 /* PassData */ = {
			isa = PBXGroup;
			children = (
				9C609D7C2869B7710026E548 /* AppDelegate.swift */,
				9C609D7E2869B7710026E548 /* SceneDelegate.swift */,
				9C609D802869B7710026E548 /* ViewController.swift */,
				9C609DB22869C9320026E548 /* SegueDetailViewController.swift */,
				9C609DAE2869B89C0026E548 /* DetailViewController.swift */,
				9C609DAF2869B89C0026E548 /* DetailViewController.xib */,
				9C609D822869B7710026E548 /* Main.storyboard */,
				9C609DB42869CF1D0026E548 /* InstanceDetailViewController.swift */,
				9C609DB52869CF1D0026E548 /* InstanceDetailViewController.xib */,
				9C609D852869B7710026E548 /* Assets.xcassets */,
				9C609D872869B7710026E548 /* LaunchScreen.storyboard */,
				9C609D8A2869B7710026E548 /* Info.plist */,
			);
			path = PassData;
			sourceTree = "<group>";
		};
		9C609D922869B7710026E548 /* PassDataTests */ = {
			isa = PBXGroup;
			children = (
				9C609D932869B7710026E548 /* PassDataTests.swift */,
			);
			path = PassDataTests;
			sourceTree = "<group>";
		};
		9C609D9C2869B7710026E548 /* PassDataUITests */ = {
			isa = PBXGroup;
			children = (
				9C609D9D2869B7710026E548 /* PassDataUITests.swift */,
				9C609D9F2869B7710026E548 /* PassDataUITestsLaunchTests.swift */,
			);
			path = PassDataUITests;
			sourceTree = "<group>";
		};
/* End PBXGroup section */

/* Begin PBXNativeTarget section */
		9C609D782869B7710026E548 /* PassData */ = {
			isa = PBXNativeTarget;
			buildConfigurationList = 9C609DA32869B7710026E548 /* Build configuration list for PBXNativeTarget "PassData" */;
			buildPhases = (
				9C609D752869B7710026E548 /* Sources */,
				9C609D762869B7710026E548 /* Frameworks */,
				9C609D772869B7710026E548 /* Resources */,
			);
			buildRules = (
			);
			dependencies = (
			);
			name = PassData;
			productName = PassData;
			productReference = 9C609D792869B7710026E548 /* PassData.app */;
			productType = "com.apple.product-type.application";
		};
		9C609D8E2869B7710026E548 /* PassDataTests */ = {
			isa = PBXNativeTarget;
			buildConfigurationList = 9C609DA62869B7710026E548 /* Build configuration list for PBXNativeTarget "PassDataTests" */;
			buildPhases = (
				9C609D8B2869B7710026E548 /* Sources */,
				9C609D8C2869B7710026E548 /* Frameworks */,
				9C609D8D2869B7710026E548 /* Resources */,
			);
			buildRules = (
			);
			dependencies = (
				9C609D912869B7710026E548 /* PBXTargetDependency */,
			);
			name = PassDataTests;
			productName = PassDataTests;
			productReference = 9C609D8F2869B7710026E548 /* PassDataTests.xctest */;
			productType = "com.apple.product-type.bundle.unit-test";
		};
		9C609D982869B7710026E548 /* PassDataUITests */ = {
			isa = PBXNativeTarget;
			buildConfigurationList = 9C609DA92869B7710026E548 /* Build configuration list for PBXNativeTarget "PassDataUITests" */;
			buildPhases = (
				9C609D952869B7710026E548 /* Sources */,
				9C609D962869B7710026E548 /* Frameworks */,
				9C609D972869B7710026E548 /* Resources */,
			);
			buildRules = (
			);
			dependencies = (
				9C609D9B2869B7710026E548 /* PBXTargetDependency */,
			);
			name = PassDataUITests;
			productName = PassDataUITests;
			productReference = 9C609D992869B7710026E548 /* PassDataUITests.xctest */;
			productType = "com.apple.product-type.bundle.ui-testing";
		};
/* End PBXNativeTarget section */

/* Begin PBXProject section */
		9C609D712869B7710026E548 /* Project object */ = {
			isa = PBXProject;
			attributes = {
				BuildIndependentTargetsInParallel = 1;
				LastSwiftUpdateCheck = 1340;
				LastUpgradeCheck = 1340;
				TargetAttributes = {
					9C609D782869B7710026E548 = {
						CreatedOnToolsVersion = 13.4.1;
					};
					9C609D8E2869B7710026E548 = {
						CreatedOnToolsVersion = 13.4.1;
						TestTargetID = 9C609D782869B7710026E548;
					};
					9C609D982869B7710026E548 = {
						CreatedOnToolsVersion = 13.4.1;
						TestTargetID = 9C609D782869B7710026E548;
					};
				};
			};
			buildConfigurationList = 9C609D742869B7710026E548 /* Build configuration list for PBXProject "PassData" */;
			compatibilityVersion = "Xcode 13.0";
			developmentRegion = en;
			hasScannedForEncodings = 0;
			knownRegions = (
				en,
				Base,
			);
			mainGroup = 9C609D702869B7710026E548;
			productRefGroup = 9C609D7A2869B7710026E548 /* Products */;
			projectDirPath = "";
			projectRoot = "";
			targets = (
				9C609D782869B7710026E548 /* PassData */,
				9C609D8E2869B7710026E548 /* PassDataTests */,
				9C609D982869B7710026E548 /* PassDataUITests */,
			);
		};
/* End PBXProject section */

/* Begin PBXResourcesBuildPhase section */
		9C609D772869B7710026E548 /* Resources */ = {
			isa = PBXResourcesBuildPhase;
			buildActionMask = 2147483647;
			files = (
				9C609D892869B7710026E548 /* LaunchScreen.storyboard in Resources */,
				9C609D862869B7710026E548 /* Assets.xcassets in Resources */,
				9C609D842869B7710026E548 /* Main.storyboard in Resources */,
				9C609DB72869CF1D0026E548 /* InstanceDetailViewController.xib in Resources */,
				9C609DB12869B89C0026E548 /* DetailViewController.xib in Resources */,
			);
			runOnlyForDeploymentPostprocessing = 0;
		};
		9C609D8D2869B7710026E548 /* Resources */ = {
			isa = PBXResourcesBuildPhase;
			buildActionMask = 2147483647;
			files = (
			);
			runOnlyForDeploymentPostprocessing = 0;
		};
		9C609D972869B7710026E548 /* Resources */ = {
			isa = PBXResourcesBuildPhase;
			buildActionMask = 2147483647;
			files = (
			);
			runOnlyForDeploymentPostprocessing = 0;
		};
/* End PBXResourcesBuildPhase section */

/* Begin PBXSourcesBuildPhase section */
		9C609D752869B7710026E548 /* Sources */ = {
			isa = PBXSourcesBuildPhase;
			buildActionMask = 2147483647;
			files = (
				9C609D812869B7710026E548 /* ViewController.swift in Sources */,
				9C609D7D2869B7710026E548 /* AppDelegate.swift in Sources */,
				9C609DB32869C9320026E548 /* SegueDetailViewController.swift in Sources */,
				9C609D7F2869B7710026E548 /* SceneDelegate.swift in Sources */,
				9C609DB62869CF1D0026E548 /* InstanceDetailViewController.swift in Sources */,
				9C609DB02869B89C0026E548 /* DetailViewController.swift in Sources */,
			);
			runOnlyForDeploymentPostprocessing = 0;
		};
		9C609D8B2869B7710026E548 /* Sources */ = {
			isa = PBXSourcesBuildPhase;
			buildActionMask = 2147483647;
			files = (
				9C609D942869B7710026E548 /* PassDataTests.swift in Sources */,
			);
			runOnlyForDeploymentPostprocessing = 0;
		};
		9C609D952869B7710026E548 /* Sources */ = {
			isa = PBXSourcesBuildPhase;
			buildActionMask = 2147483647;
			files = (
				9C609DA02869B7710026E548 /* PassDataUITestsLaunchTests.swift in Sources */,
				9C609D9E2869B7710026E548 /* PassDataUITests.swift in Sources */,
			);
			runOnlyForDeploymentPostprocessing = 0;
		};
/* End PBXSourcesBuildPhase section */

/* Begin PBXTargetDependency section */
		9C609D912869B7710026E548 /* PBXTargetDependency */ = {
			isa = PBXTargetDependency;
			target = 9C609D782869B7710026E548 /* PassData */;
			targetProxy = 9C609D902869B7710026E548 /* PBXContainerItemProxy */;
		};
		9C609D9B2869B7710026E548 /* PBXTargetDependency */ = {
			isa = PBXTargetDependency;
			target = 9C609D782869B7710026E548 /* PassData */;
			targetProxy = 9C609D9A2869B7710026E548 /* PBXContainerItemProxy */;
		};
/* End PBXTargetDependency section */

/* Begin PBXVariantGroup section */
		9C609D822869B7710026E548 /* Main.storyboard */ = {
			isa = PBXVariantGroup;
			children = (
				9C609D832869B7710026E548 /* Base */,
			);
			name = Main.storyboard;
			sourceTree = "<group>";
		};
		9C609D872869B7710026E548 /* LaunchScreen.storyboard */ = {
			isa = PBXVariantGroup;
			children = (
				9C609D882869B7710026E548 /* Base */,
			);
			name = LaunchScreen.storyboard;
			sourceTree = "<group>";
		};
/* End PBXVariantGroup section */

/* Begin XCBuildConfiguration section */
		9C609DA12869B7710026E548 /* Debug */ = {
			isa = XCBuildConfiguration;
			buildSettings = {
				ALWAYS_SEARCH_USER_PATHS = NO;
				CLANG_ANALYZER_NONNULL = YES;
				CLANG_ANALYZER_NUMBER_OBJECT_CONVERSION = YES_AGGRESSIVE;
				CLANG_CXX_LANGUAGE_STANDARD = "gnu++17";
				CLANG_ENABLE_MODULES = YES;
				CLANG_ENABLE_OBJC_ARC = YES;
				CLANG_ENABLE_OBJC_WEAK = YES;
				CLANG_WARN_BLOCK_CAPTURE_AUTORELEASING = YES;
				CLANG_WARN_BOOL_CONVERSION = YES;
				CLANG_WARN_COMMA = YES;
				CLANG_WARN_CONSTANT_CONVERSION = YES;
				CLANG_WARN_DEPRECATED_OBJC_IMPLEMENTATIONS = YES;
				CLANG_WARN_DIRECT_OBJC_ISA_USAGE = YES_ERROR;
				CLANG_WARN_DOCUMENTATION_COMMENTS = YES;
				CLANG_WARN_EMPTY_BODY = YES;
				CLANG_WARN_ENUM_CONVERSION = YES;
				CLANG_WARN_INFINITE_RECURSION = YES;
				CLANG_WARN_INT_CONVERSION = YES;
				CLANG_WARN_NON_LITERAL_NULL_CONVERSION = YES;
				CLANG_WARN_OBJC_IMPLICIT_RETAIN_SELF = YES;
				CLANG_WARN_OBJC_LITERAL_CONVERSION = YES;
				CLANG_WARN_OBJC_ROOT_CLASS = YES_ERROR;
				CLANG_WARN_QUOTED_INCLUDE_IN_FRAMEWORK_HEADER = YES;
				CLANG_WARN_RANGE_LOOP_ANALYSIS = YES;
				CLANG_WARN_STRICT_PROTOTYPES = YES;
				CLANG_WARN_SUSPICIOUS_MOVE = YES;
				CLANG_WARN_UNGUARDED_AVAILABILITY = YES_AGGRESSIVE;
				CLANG_WARN_UNREACHABLE_CODE = YES;
				CLANG_WARN__DUPLICATE_METHOD_MATCH = YES;
				COPY_PHASE_STRIP = NO;
				DEBUG_INFORMATION_FORMAT = dwarf;
				ENABLE_STRICT_OBJC_MSGSEND = YES;
				ENABLE_TESTABILITY = YES;
				GCC_C_LANGUAGE_STANDARD = gnu11;
				GCC_DYNAMIC_NO_PIC = NO;
				GCC_NO_COMMON_BLOCKS = YES;
				GCC_OPTIMIZATION_LEVEL = 0;
				GCC_PREPROCESSOR_DEFINITIONS = (
					"DEBUG=1",
					"$(inherited)",
				);
				GCC_WARN_64_TO_32_BIT_CONVERSION = YES;
				GCC_WARN_ABOUT_RETURN_TYPE = YES_ERROR;
				GCC_WARN_UNDECLARED_SELECTOR = YES;
				GCC_WARN_UNINITIALIZED_AUTOS = YES_AGGRESSIVE;
				GCC_WARN_UNUSED_FUNCTION = YES;
				GCC_WARN_UNUSED_VARIABLE = YES;
				IPHONEOS_DEPLOYMENT_TARGET = 15.5;
				MTL_ENABLE_DEBUG_INFO = INCLUDE_SOURCE;
				MTL_FAST_MATH = YES;
				ONLY_ACTIVE_ARCH = YES;
				SDKROOT = iphoneos;
				SWIFT_ACTIVE_COMPILATION_CONDITIONS = DEBUG;
				SWIFT_OPTIMIZATION_LEVEL = "-Onone";
			};
			name = Debug;
		};
		9C609DA22869B7710026E548 /* Release */ = {
			isa = XCBuildConfiguration;
			buildSettings = {
				ALWAYS_SEARCH_USER_PATHS = NO;
				CLANG_ANALYZER_NONNULL = YES;
				CLANG_ANALYZER_NUMBER_OBJECT_CONVERSION = YES_AGGRESSIVE;
				CLANG_CXX_LANGUAGE_STANDARD = "gnu++17";
				CLANG_ENABLE_MODULES = YES;
				CLANG_ENABLE_OBJC_ARC = YES;
				CLANG_ENABLE_OBJC_WEAK = YES;
				CLANG_WARN_BLOCK_CAPTURE_AUTORELEASING = YES;
				CLANG_WARN_BOOL_CONVERSION = YES;
				CLANG_WARN_COMMA = YES;
				CLANG_WARN_CONSTANT_CONVERSION = YES;
				CLANG_WARN_DEPRECATED_OBJC_IMPLEMENTATIONS = YES;
				CLANG_WARN_DIRECT_OBJC_ISA_USAGE = YES_ERROR;
				CLANG_WARN_DOCUMENTATION_COMMENTS = YES;
				CLANG_WARN_EMPTY_BODY = YES;
				CLANG_WARN_ENUM_CONVERSION = YES;
				CLANG_WARN_INFINITE_RECURSION = YES;
				CLANG_WARN_INT_CONVERSION = YES;
				CLANG_WARN_NON_LITERAL_NULL_CONVERSION = YES;
				CLANG_WARN_OBJC_IMPLICIT_RETAIN_SELF = YES;
				CLANG_WARN_OBJC_LITERAL_CONVERSION = YES;
				CLANG_WARN_OBJC_ROOT_CLASS = YES_ERROR;
				CLANG_WARN_QUOTED_INCLUDE_IN_FRAMEWORK_HEADER = YES;
				CLANG_WARN_RANGE_LOOP_ANALYSIS = YES;
				CLANG_WARN_STRICT_PROTOTYPES = YES;
				CLANG_WARN_SUSPICIOUS_MOVE = YES;
				CLANG_WARN_UNGUARDED_AVAILABILITY = YES_AGGRESSIVE;
				CLANG_WARN_UNREACHABLE_CODE = YES;
				CLANG_WARN__DUPLICATE_METHOD_MATCH = YES;
				COPY_PHASE_STRIP = NO;
				DEBUG_INFORMATION_FORMAT = "dwarf-with-dsym";
				ENABLE_NS_ASSERTIONS = NO;
				ENABLE_STRICT_OBJC_MSGSEND = YES;
				GCC_C_LANGUAGE_STANDARD = gnu11;
				GCC_NO_COMMON_BLOCKS = YES;
				GCC_WARN_64_TO_32_BIT_CONVERSION = YES;
				GCC_WARN_ABOUT_RETURN_TYPE = YES_ERROR;
				GCC_WARN_UNDECLARED_SELECTOR = YES;
				GCC_WARN_UNINITIALIZED_AUTOS = YES_AGGRESSIVE;
				GCC_WARN_UNUSED_FUNCTION = YES;
				GCC_WARN_UNUSED_VARIABLE = YES;
				IPHONEOS_DEPLOYMENT_TARGET = 15.5;
				MTL_ENABLE_DEBUG_INFO = NO;
				MTL_FAST_MATH = YES;
				SDKROOT = iphoneos;
				SWIFT_COMPILATION_MODE = wholemodule;
				SWIFT_OPTIMIZATION_LEVEL = "-O";
				VALIDATE_PRODUCT = YES;
			};
			name = Release;
		};
		9C609DA42869B7710026E548 /* Debug */ = {
			isa = XCBuildConfiguration;
			buildSettings = {
				ASSETCATALOG_COMPILER_APPICON_NAME = AppIcon;
				ASSETCATALOG_COMPILER_GLOBAL_ACCENT_COLOR_NAME = AccentColor;
				CODE_SIGN_STYLE = Automatic;
				CURRENT_PROJECT_VERSION = 1;
				GENERATE_INFOPLIST_FILE = YES;
				INFOPLIST_FILE = PassData/Info.plist;
				INFOPLIST_KEY_UIApplicationSupportsIndirectInputEvents = YES;
				INFOPLIST_KEY_UILaunchStoryboardName = LaunchScreen;
				INFOPLIST_KEY_UIMainStoryboardFile = Main;
				INFOPLIST_KEY_UISupportedInterfaceOrientations = "UIInterfaceOrientationPortrait UIInterfaceOrientationLandscapeLeft UIInterfaceOrientationLandscapeRight";
				INFOPLIST_KEY_UISupportedInterfaceOrientations_iPad = "UIInterfaceOrientationPortrait UIInterfaceOrientationPortraitUpsideDown UIInterfaceOrientationLandscapeLeft UIInterfaceOrientationLandscapeRight";
				INFOPLIST_KEY_UISupportedInterfaceOrientations_iPhone = "UIInterfaceOrientationPortrait UIInterfaceOrientationLandscapeLeft UIInterfaceOrientationLandscapeRight";
				IPHONEOS_DEPLOYMENT_TARGET = 13.0;
				LD_RUNPATH_SEARCH_PATHS = (
					"$(inherited)",
					"@executable_path/Frameworks",
				);
				MARKETING_VERSION = 1.0;
				PRODUCT_BUNDLE_IDENTIFIER = DevPark.PassData;
				PRODUCT_NAME = "$(TARGET_NAME)";
				SWIFT_EMIT_LOC_STRINGS = YES;
				SWIFT_VERSION = 5.0;
				TARGETED_DEVICE_FAMILY = 1;
			};
			name = Debug;
		};
		9C609DA52869B7710026E548 /* Release */ = {
			isa = XCBuildConfiguration;
			buildSettings = {
				ASSETCATALOG_COMPILER_APPICON_NAME = AppIcon;
				ASSETCATALOG_COMPILER_GLOBAL_ACCENT_COLOR_NAME = AccentColor;
				CODE_SIGN_STYLE = Automatic;
				CURRENT_PROJECT_VERSION = 1;
				GENERATE_INFOPLIST_FILE = YES;
				INFOPLIST_FILE = PassData/Info.plist;
				INFOPLIST_KEY_UIApplicationSupportsIndirectInputEvents = YES;
				INFOPLIST_KEY_UILaunchStoryboardName = LaunchScreen;
				INFOPLIST_KEY_UIMainStoryboardFile = Main;
				INFOPLIST_KEY_UISupportedInterfaceOrientations = "UIInterfaceOrientationPortrait UIInterfaceOrientationLandscapeLeft UIInterfaceOrientationLandscapeRight";
				INFOPLIST_KEY_UISupportedInterfaceOrientations_iPad = "UIInterfaceOrientationPortrait UIInterfaceOrientationPortraitUpsideDown UIInterfaceOrientationLandscapeLeft UIInterfaceOrientationLandscapeRight";
				INFOPLIST_KEY_UISupportedInterfaceOrientations_iPhone = "UIInterfaceOrientationPortrait UIInterfaceOrientationLandscapeLeft UIInterfaceOrientationLandscapeRight";
				IPHONEOS_DEPLOYMENT_TARGET = 13.0;
				LD_RUNPATH_SEARCH_PATHS = (
					"$(inherited)",
					"@executable_path/Frameworks",
				);
				MARKETING_VERSION = 1.0;
				PRODUCT_BUNDLE_IDENTIFIER = DevPark.PassData;
				PRODUCT_NAME = "$(TARGET_NAME)";
				SWIFT_EMIT_LOC_STRINGS = YES;
				SWIFT_VERSION = 5.0;
				TARGETED_DEVICE_FAMILY = 1;
			};
			name = Release;
		};
		9C609DA72869B7710026E548 /* Debug */ = {
			isa = XCBuildConfiguration;
			buildSettings = {
				ALWAYS_EMBED_SWIFT_STANDARD_LIBRARIES = YES;
				BUNDLE_LOADER = "$(TEST_HOST)";
				CODE_SIGN_STYLE = Automatic;
				CURRENT_PROJECT_VERSION = 1;
				GENERATE_INFOPLIST_FILE = YES;
				IPHONEOS_DEPLOYMENT_TARGET = 15.5;
				MARKETING_VERSION = 1.0;
				PRODUCT_BUNDLE_IDENTIFIER = DevPark.PassDataTests;
				PRODUCT_NAME = "$(TARGET_NAME)";
				SWIFT_EMIT_LOC_STRINGS = NO;
				SWIFT_VERSION = 5.0;
				TARGETED_DEVICE_FAMILY = "1,2";
				TEST_HOST = "$(BUILT_PRODUCTS_DIR)/PassData.app/PassData";
			};
			name = Debug;
		};
		9C609DA82869B7710026E548 /* Release */ = {
			isa = XCBuildConfiguration;
			buildSettings = {
				ALWAYS_EMBED_SWIFT_STANDARD_LIBRARIES = YES;
				BUNDLE_LOADER = "$(TEST_HOST)";
				CODE_SIGN_STYLE = Automatic;
				CURRENT_PROJECT_VERSION = 1;
				GENERATE_INFOPLIST_FILE = YES;
				IPHONEOS_DEPLOYMENT_TARGET = 15.5;
				MARKETING_VERSION = 1.0;
				PRODUCT_BUNDLE_IDENTIFIER = DevPark.PassDataTests;
				PRODUCT_NAME = "$(TARGET_NAME)";
				SWIFT_EMIT_LOC_STRINGS = NO;
				SWIFT_VERSION = 5.0;
				TARGETED_DEVICE_FAMILY = "1,2";
				TEST_HOST = "$(BUILT_PRODUCTS_DIR)/PassData.app/PassData";
			};
			name = Release;
		};
		9C609DAA2869B7710026E548 /* Debug */ = {
			isa = XCBuildConfiguration;
			buildSettings = {
				ALWAYS_EMBED_SWIFT_STANDARD_LIBRARIES = YES;
				CODE_SIGN_STYLE = Automatic;
				CURRENT_PROJECT_VERSION = 1;
				GENERATE_INFOPLIST_FILE = YES;
				MARKETING_VERSION = 1.0;
				PRODUCT_BUNDLE_IDENTIFIER = DevPark.PassDataUITests;
				PRODUCT_NAME = "$(TARGET_NAME)";
				SWIFT_EMIT_LOC_STRINGS = NO;
				SWIFT_VERSION = 5.0;
				TARGETED_DEVICE_FAMILY = "1,2";
				TEST_TARGET_NAME = PassData;
			};
			name = Debug;
		};
		9C609DAB2869B7710026E548 /* Release */ = {
			isa = XCBuildConfiguration;
			buildSettings = {
				ALWAYS_EMBED_SWIFT_STANDARD_LIBRARIES = YES;
				CODE_SIGN_STYLE = Automatic;
				CURRENT_PROJECT_VERSION = 1;
				GENERATE_INFOPLIST_FILE = YES;
				MARKETING_VERSION = 1.0;
				PRODUCT_BUNDLE_IDENTIFIER = DevPark.PassDataUITests;
				PRODUCT_NAME = "$(TARGET_NAME)";
				SWIFT_EMIT_LOC_STRINGS = NO;
				SWIFT_VERSION = 5.0;
				TARGETED_DEVICE_FAMILY = "1,2";
				TEST_TARGET_NAME = PassData;
			};
			name = Release;
		};
/* End XCBuildConfiguration section */

/* Begin XCConfigurationList section */
		9C609D742869B7710026E548 /* Build configuration list for PBXProject "PassData" */ = {
			isa = XCConfigurationList;
			buildConfigurations = (
				9C609DA12869B7710026E548 /* Debug */,
				9C609DA22869B7710026E548 /* Release */,
			);
			defaultConfigurationIsVisible = 0;
			defaultConfigurationName = Release;
		};
		9C609DA32869B7710026E548 /* Build configuration list for PBXNativeTarget "PassData" */ = {
			isa = XCConfigurationList;
			buildConfigurations = (
				9C609DA42869B7710026E548 /* Debug */,
				9C609DA52869B7710026E548 /* Release */,
			);
			defaultConfigurationIsVisible = 0;
			defaultConfigurationName = Release;
		};
		9C609DA62869B7710026E548 /* Build configuration list for PBXNativeTarget "PassDataTests" */ = {
			isa = XCConfigurationList;
			buildConfigurations = (
				9C609DA72869B7710026E548 /* Debug */,
				9C609DA82869B7710026E548 /* Release */,
			);
			defaultConfigurationIsVisible = 0;
			defaultConfigurationName = Release;
		};
		9C609DA92869B7710026E548 /* Build configuration list for PBXNativeTarget "PassDataUITests" */ = {
			isa = XCConfigurationList;
			buildConfigurations = (
				9C609DAA2869B7710026E548 /* Debug */,
				9C609DAB2869B7710026E548 /* Release */,
			);
			defaultConfigurationIsVisible = 0;
			defaultConfigurationName = Release;
		};
/* End XCConfigurationList section */
	};
	rootObject = 9C609D712869B7710026E548 /* Project object */;
}
